
Microsoft Visual Studio Solution File, Format Version 12.00
Project("{FAE04EC0-301F-11D3-BF4B-00C04F79EFBC}") = "MessengerManager", "MessengerManager\MessengerManager.csproj", "{0EA96D41-4098-4F0D-A66C-30A7F0E01543}"
EndProject
Project("{FAE04EC0-301F-11D3-BF4B-00C04F79EFBC}") = "MessengerManager.Core", "MessengerManager.Core\MessengerManager.Core.csproj", "{8E6673D5-12E7-440D-AD5E-8953CE6BAEAC}"
EndProject
Project("{FAE04EC0-301F-11D3-BF4B-00C04F79EFBC}") = "MessengerManager.Tests", "MessengerManager.Tests\MessengerManager.Tests.csproj", "{C2C2EDF6-0726-4EB9-9EBE-D2DCFF4A1692}"
EndProject
Project("{FAE04EC0-301F-11D3-BF4B-00C04F79EFBC}") = "MessengerManager.Domain", "MessengerManager.Domain\MessengerManager.Domain.csproj", "{A43C8B60-F65F-4E06-9ED4-5BEB3ADD8718}"
EndProject
Project("{FAE04EC0-301F-11D3-BF4B-00C04F79EFBC}") = "MessengerManager.Infrastructure.Data", "MessengerManager.Infrastructure.Data\MessengerManager.Infrastructure.Data.csproj", "{B04F79F3-AEB9-4FAD-97BD-D40AA1E3B4B9}"
EndProject
Global
	GlobalSection(SolutionConfigurationPlatforms) = preSolution
		Debug|Any CPU = Debug|Any CPU
		Release|Any CPU = Release|Any CPU
	EndGlobalSection
	GlobalSection(ProjectConfigurationPlatforms) = postSolution
		{0EA96D41-4098-4F0D-A66C-30A7F0E01543}.Debug|Any CPU.ActiveCfg = Debug|Any CPU
		{0EA96D41-4098-4F0D-A66C-30A7F0E01543}.Debug|Any CPU.Build.0 = Debug|Any CPU
		{0EA96D41-4098-4F0D-A66C-30A7F0E01543}.Release|Any CPU.ActiveCfg = Release|Any CPU
		{0EA96D41-4098-4F0D-A66C-30A7F0E01543}.Release|Any CPU.Build.0 = Release|Any CPU
		{8E6673D5-12E7-440D-AD5E-8953CE6BAEAC}.Debug|Any CPU.ActiveCfg = Debug|Any CPU
		{8E6673D5-12E7-440D-AD5E-8953CE6BAEAC}.Debug|Any CPU.Build.0 = Debug|Any CPU
		{8E6673D5-12E7-440D-AD5E-8953CE6BAEAC}.Release|Any CPU.ActiveCfg = Release|Any CPU
		{8E6673D5-12E7-440D-AD5E-8953CE6BAEAC}.Release|Any CPU.Build.0 = Release|Any CPU
		{C2C2EDF6-0726-4EB9-9EBE-D2DCFF4A1692}.Debug|Any CPU.ActiveCfg = Debug|Any CPU
		{C2C2EDF6-0726-4EB9-9EBE-D2DCFF4A1692}.Debug|Any CPU.Build.0 = Debug|Any CPU
		{C2C2EDF6-0726-4EB9-9EBE-D2DCFF4A1692}.Release|Any CPU.ActiveCfg = Release|Any CPU
		{C2C2EDF6-0726-4EB9-9EBE-D2DCFF4A1692}.Release|Any CPU.Build.0 = Release|Any CPU
		{A43C8B60-F65F-4E06-9ED4-5BEB3ADD8718}.Debug|Any CPU.ActiveCfg = Debug|Any CPU
		{A43C8B60-F65F-4E06-9ED4-5BEB3ADD8718}.Debug|Any CPU.Build.0 = Debug|Any CPU
		{A43C8B60-F65F-4E06-9ED4-5BEB3ADD8718}.Release|Any CPU.ActiveCfg = Release|Any CPU
		{A43C8B60-F65F-4E06-9ED4-5BEB3ADD8718}.Release|Any CPU.Build.0 = Release|Any CPU
		{B04F79F3-AEB9-4FAD-97BD-D40AA1E3B4B9}.Debug|Any CPU.ActiveCfg = Debug|Any CPU
		{B04F79F3-AEB9-4FAD-97BD-D40AA1E3B4B9}.Debug|Any CPU.Build.0 = Debug|Any CPU
		{B04F79F3-AEB9-4FAD-97BD-D40AA1E3B4B9}.Release|Any CPU.ActiveCfg = Release|Any CPU
		{B04F79F3-AEB9-4FAD-97BD-D40AA1E3B4B9}.Release|Any CPU.Build.0 = Release|Any CPU
	EndGlobalSection
EndGlobal
